
Microsoft Visual Studio Solution File, Format Version 12.00
# Visual Studio 14
VisualStudioVersion = 14.0.25420.1
MinimumVisualStudioVersion = 10.0.40219.1
Project("{8BC9CEB8-8B4A-11D0-8D11-00A0C91BC942}") = "MainProject", "MainProject\MainProject.vcxproj", "{9CCA90C8-D18F-4BB6-B0E5-654F90494D0A}"
EndProject
Project("{8BC9CEB8-8B4A-11D0-8D11-00A0C91BC942}") = "DirectX112DProject", "DirectX112DProject\DirectX112DProject.vcxproj", "{A7436DCF-6634-4EAE-AF9E-18CC0654C657}"
EndProject
Project("{8BC9CEB8-8B4A-11D0-8D11-00A0C91BC942}") = "ConsolePlacticeProject", "ConsolePlacticeProject\ConsolePlacticeProject.vcxproj", "{23BA9ED3-9EA6-4A00-BA2A-841A89FFE0DD}"
EndProject
Global
	GlobalSection(SolutionConfigurationPlatforms) = preSolution
		Debug|x64 = Debug|x64
		Debug|x86 = Debug|x86
		Release|x64 = Release|x64
		Release|x86 = Release|x86
	EndGlobalSection
	GlobalSection(ProjectConfigurationPlatforms) = postSolution
		{9CCA90C8-D18F-4BB6-B0E5-654F90494D0A}.Debug|x64.ActiveCfg = Debug|x64
		{9CCA90C8-D18F-4BB6-B0E5-654F90494D0A}.Debug|x64.Build.0 = Debug|x64
		{9CCA90C8-D18F-4BB6-B0E5-654F90494D0A}.Debug|x86.ActiveCfg = Debug|Win32
		{9CCA90C8-D18F-4BB6-B0E5-654F90494D0A}.Debug|x86.Build.0 = Debug|Win32
		{9CCA90C8-D18F-4BB6-B0E5-654F90494D0A}.Release|x64.ActiveCfg = Release|x64
		{9CCA90C8-D18F-4BB6-B0E5-654F90494D0A}.Release|x64.Build.0 = Release|x64
		{9CCA90C8-D18F-4BB6-B0E5-654F90494D0A}.Release|x86.ActiveCfg = Release|Win32
		{9CCA90C8-D18F-4BB6-B0E5-654F90494D0A}.Release|x86.Build.0 = Release|Win32
		{A7436DCF-6634-4EAE-AF9E-18CC0654C657}.Debug|x64.ActiveCfg = Debug|x64
		{A7436DCF-6634-4EAE-AF9E-18CC0654C657}.Debug|x64.Build.0 = Debug|x64
		{A7436DCF-6634-4EAE-AF9E-18CC0654C657}.Debug|x86.ActiveCfg = Debug|Win32
		{A7436DCF-6634-4EAE-AF9E-18CC0654C657}.Debug|x86.Build.0 = Debug|Win32
		{A7436DCF-6634-4EAE-AF9E-18CC0654C657}.Release|x64.ActiveCfg = Release|x64
		{A7436DCF-6634-4EAE-AF9E-18CC0654C657}.Release|x64.Build.0 = Release|x64
		{A7436DCF-6634-4EAE-AF9E-18CC0654C657}.Release|x86.ActiveCfg = Release|Win32
		{A7436DCF-6634-4EAE-AF9E-18CC0654C657}.Release|x86.Build.0 = Release|Win32
		{23BA9ED3-9EA6-4A00-BA2A-841A89FFE0DD}.Debug|x64.ActiveCfg = Debug|x64
		{23BA9ED3-9EA6-4A00-BA2A-841A89FFE0DD}.Debug|x64.Build.0 = Debug|x64
		{23BA9ED3-9EA6-4A00-BA2A-841A89FFE0DD}.Debug|x86.ActiveCfg = Debug|Win32
		{23BA9ED3-9EA6-4A00-BA2A-841A89FFE0DD}.Debug|x86.Build.0 = Debug|Win32
		{23BA9ED3-9EA6-4A00-BA2A-841A89FFE0DD}.Release|x64.ActiveCfg = Release|x64
		{23BA9ED3-9EA6-4A00-BA2A-841A89FFE0DD}.Release|x64.Build.0 = Release|x64
		{23BA9ED3-9EA6-4A00-BA2A-841A89FFE0DD}.Release|x86.ActiveCfg = Release|Win32
		{23BA9ED3-9EA6-4A00-BA2A-841A89FFE0DD}.Release|x86.Build.0 = Release|Win32
	EndGlobalSection
	GlobalSection(SolutionProperties) = preSolution
		HideSolutionNode = FALSE
	EndGlobalSection
EndGlobal
